{
  "requires": true,
  "lockfileVersion": 1,
  "dependencies": {
    "permissions": {
      "version": "0.1.0",
      "resolved": "https://registry.npmjs.org/permissions/-/permissions-0.1.0.tgz",
      "integrity": "sha512-WlvCo06G5mMViS4kyDJkCuDOZu17avI4GUJ4+2TpO387tHP6BBDRd3q+CtpWSPkktJ/ZBp6asTPhzpONQZPY0A=="
    }
  }
}
